Microsoft Visual Studio Solution File, Format Version 12.00
# Visual Studio Version 17
VisualStudioVersion = 17.5.002.0
MinimumVisualStudioVersion = 10.0.40219.1
Project("{9A19103F-16F7-4668-BE54-9A1E7A4F7556}") = "nmake2msbuild", "nmake2msbuild.csproj", "{CF4128A8-F281-436E-BFB5-4F66DF831FA0}"
EndProject
Global
	GlobalSection(SolutionConfigurationPlatforms) = preSolution
		Debug|Any CPU = Debug|Any CPU
		Release|Any CPU = Release|Any CPU
	EndGlobalSection
	GlobalSection(ProjectConfigurationPlatforms) = postSolution
		{CF4128A8-F281-436E-BFB5-4F66DF831FA0}.Debug|Any CPU.ActiveCfg = Debug|Any CPU
		{CF4128A8-F281-436E-BFB5-4F66DF831FA0}.Debug|Any CPU.Build.0 = Debug|Any CPU
		{CF4128A8-F281-436E-BFB5-4F66DF831FA0}.Release|Any CPU.ActiveCfg = Release|Any CPU
		{CF4128A8-F281-436E-BFB5-4F66DF831FA0}.Release|Any CPU.Build.0 = Release|Any CPU
	EndGlobalSection
	GlobalSection(SolutionProperties) = preSolution
		HideSolutionNode = FALSE
	EndGlobalSection
	GlobalSection(ExtensibilityGlobals) = postSolution
		SolutionGuid = {DF3BF095-32CB-4959-908F-247FEB14483A}
	EndGlobalSection
EndGlobal
